
Microsoft Visual Studio Solution File, Format Version 12.00
# Visual Studio Version 17
VisualStudioVersion = 17.5.33414.496
MinimumVisualStudioVersion = 10.0.40219.1
Project("{FAE04EC0-301F-11D3-BF4B-00C04F79EFBC}") = "QLNH_APIs", "QLNH_APIs\QLNH_APIs.csproj", "{D9337E31-55EA-464D-A152-98B29A712527}"
EndProject
Global
	GlobalSection(SolutionConfigurationPlatforms) = preSolution
		Debug|Any CPU = Debug|Any CPU
		Release|Any CPU = Release|Any CPU
	EndGlobalSection
	GlobalSection(ProjectConfigurationPlatforms) = postSolution
		{D9337E31-55EA-464D-A152-98B29A712527}.Debug|Any CPU.ActiveCfg = Debug|Any CPU
		{D9337E31-55EA-464D-A152-98B29A712527}.Debug|Any CPU.Build.0 = Debug|Any CPU
		{D9337E31-55EA-464D-A152-98B29A712527}.Release|Any CPU.ActiveCfg = Release|Any CPU
		{D9337E31-55EA-464D-A152-98B29A712527}.Release|Any CPU.Build.0 = Release|Any CPU
	EndGlobalSection
	GlobalSection(SolutionProperties) = preSolution
		HideSolutionNode = FALSE
	EndGlobalSection
	GlobalSection(ExtensibilityGlobals) = postSolution
		SolutionGuid = {1F2D13BB-2670-4387-B955-9AF1BFF29CCD}
	EndGlobalSection
EndGlobal
